
Microsoft Visual Studio Solution File, Format Version 12.00
# Visual Studio 14
VisualStudioVersion = 14.0.25420.1
MinimumVisualStudioVersion = 10.0.40219.1
Project("{FAE04EC0-301F-11D3-BF4B-00C04F79EFBC}") = "Snake", "Snake\Snake.csproj", "{14C46228-E637-4D7A-B496-EC70D022BF86}"
EndProject
Project("{FAE04EC0-301F-11D3-BF4B-00C04F79EFBC}") = "SnakeDAL", "SnakeDAL\SnakeDAL.csproj", "{30BD9E8E-972F-4F76-9134-B465C7A183AA}"
EndProject
Project("{FAE04EC0-301F-11D3-BF4B-00C04F79EFBC}") = "SnakeEngine", "SnakeEngine\SnakeEngine.csproj", "{D87BF157-F6A1-4FD1-800B-CEBEA611EAE3}"
EndProject
Global
	GlobalSection(SolutionConfigurationPlatforms) = preSolution
		Debug|Any CPU = Debug|Any CPU
		Release|Any CPU = Release|Any CPU
	EndGlobalSection
	GlobalSection(ProjectConfigurationPlatforms) = postSolution
		{14C46228-E637-4D7A-B496-EC70D022BF86}.Debug|Any CPU.ActiveCfg = Debug|Any CPU
		{14C46228-E637-4D7A-B496-EC70D022BF86}.Debug|Any CPU.Build.0 = Debug|Any CPU
		{14C46228-E637-4D7A-B496-EC70D022BF86}.Release|Any CPU.ActiveCfg = Release|Any CPU
		{14C46228-E637-4D7A-B496-EC70D022BF86}.Release|Any CPU.Build.0 = Release|Any CPU
		{30BD9E8E-972F-4F76-9134-B465C7A183AA}.Debug|Any CPU.ActiveCfg = Debug|Any CPU
		{30BD9E8E-972F-4F76-9134-B465C7A183AA}.Debug|Any CPU.Build.0 = Debug|Any CPU
		{30BD9E8E-972F-4F76-9134-B465C7A183AA}.Release|Any CPU.ActiveCfg = Release|Any CPU
		{30BD9E8E-972F-4F76-9134-B465C7A183AA}.Release|Any CPU.Build.0 = Release|Any CPU
		{D87BF157-F6A1-4FD1-800B-CEBEA611EAE3}.Debug|Any CPU.ActiveCfg = Debug|Any CPU
		{D87BF157-F6A1-4FD1-800B-CEBEA611EAE3}.Debug|Any CPU.Build.0 = Debug|Any CPU
		{D87BF157-F6A1-4FD1-800B-CEBEA611EAE3}.Release|Any CPU.ActiveCfg = Release|Any CPU
		{D87BF157-F6A1-4FD1-800B-CEBEA611EAE3}.Release|Any CPU.Build.0 = Release|Any CPU
	EndGlobalSection
	GlobalSection(SolutionProperties) = preSolution
		HideSolutionNode = FALSE
	EndGlobalSection
EndGlobal
